
Microsoft Visual Studio Solution File, Format Version 12.00
# Visual Studio 15
VisualStudioVersion = 15.0.28307.489
MinimumVisualStudioVersion = 10.0.40219.1
Project("{FAE04EC0-301F-11D3-BF4B-00C04F79EFBC}") = "Ex03.ConsoleUI", "Ex03.ConsoleUI\Ex03.ConsoleUI.csproj", "{0CA1A3FD-7909-4851-BBB1-515FD980FF22}"
EndProject
Project("{FAE04EC0-301F-11D3-BF4B-00C04F79EFBC}") = "Ex03.GarageLogic", "Ex03.GarageLogic\Ex03.GarageLogic.csproj", "{B939A4FB-95F6-4FE2-A50B-DB459E474CDF}"
EndProject
Global
	GlobalSection(SolutionConfigurationPlatforms) = preSolution
		Debug|Any CPU = Debug|Any CPU
		Release|Any CPU = Release|Any CPU
	EndGlobalSection
	GlobalSection(ProjectConfigurationPlatforms) = postSolution
		{0CA1A3FD-7909-4851-BBB1-515FD980FF22}.Debug|Any CPU.ActiveCfg = Debug|Any CPU
		{0CA1A3FD-7909-4851-BBB1-515FD980FF22}.Debug|Any CPU.Build.0 = Debug|Any CPU
		{0CA1A3FD-7909-4851-BBB1-515FD980FF22}.Release|Any CPU.ActiveCfg = Release|Any CPU
		{0CA1A3FD-7909-4851-BBB1-515FD980FF22}.Release|Any CPU.Build.0 = Release|Any CPU
		{B939A4FB-95F6-4FE2-A50B-DB459E474CDF}.Debug|Any CPU.ActiveCfg = Debug|Any CPU
		{B939A4FB-95F6-4FE2-A50B-DB459E474CDF}.Debug|Any CPU.Build.0 = Debug|Any CPU
		{B939A4FB-95F6-4FE2-A50B-DB459E474CDF}.Release|Any CPU.ActiveCfg = Release|Any CPU
		{B939A4FB-95F6-4FE2-A50B-DB459E474CDF}.Release|Any CPU.Build.0 = Release|Any CPU
	EndGlobalSection
	GlobalSection(SolutionProperties) = preSolution
		HideSolutionNode = FALSE
	EndGlobalSection
	GlobalSection(ExtensibilityGlobals) = postSolution
		SolutionGuid = {B3CA6825-67B6-48AC-A901-099A5AB83B73}
	EndGlobalSection
EndGlobal
